
Microsoft Visual Studio Solution File, Format Version 12.00
# Visual Studio Version 16
VisualStudioVersion = 16.0.31624.102
MinimumVisualStudioVersion = 10.0.40219.1
Project("{FAE04EC0-301F-11D3-BF4B-00C04F79EFBC}") = "Assignment1.Android", "Assignment1\Assignment1.Android\Assignment1.Android.csproj", "{6DEB88A2-8B8A-467F-9209-62E69E545D2D}"
EndProject
Project("{FAE04EC0-301F-11D3-BF4B-00C04F79EFBC}") = "Assignment1.iOS", "Assignment1\Assignment1.iOS\Assignment1.iOS.csproj", "{0713CDE7-85F0-4C39-A596-6F32601BDD19}"
EndProject
Project("{FAE04EC0-301F-11D3-BF4B-00C04F79EFBC}") = "Assignment1", "Assignment1\Assignment1\Assignment1.csproj", "{450CDE66-134F-4F4C-860D-4E6F029115FE}"
EndProject
Global
	GlobalSection(SolutionConfigurationPlatforms) = preSolution
		Debug|Any CPU = Debug|Any CPU
		Debug|iPhone = Debug|iPhone
		Debug|iPhoneSimulator = Debug|iPhoneSimulator
		Release|Any CPU = Release|Any CPU
		Release|iPhone = Release|iPhone
		Release|iPhoneSimulator = Release|iPhoneSimulator
	EndGlobalSection
	GlobalSection(ProjectConfigurationPlatforms) = postSolution
		{6DEB88A2-8B8A-467F-9209-62E69E545D2D}.Debug|Any CPU.ActiveCfg = Debug|Any CPU
		{6DEB88A2-8B8A-467F-9209-62E69E545D2D}.Debug|Any CPU.Build.0 = Debug|Any CPU
		{6DEB88A2-8B8A-467F-9209-62E69E545D2D}.Debug|Any CPU.Deploy.0 = Debug|Any CPU
		{6DEB88A2-8B8A-467F-9209-62E69E545D2D}.Debug|iPhone.ActiveCfg = Debug|Any CPU
		{6DEB88A2-8B8A-467F-9209-62E69E545D2D}.Debug|iPhone.Build.0 = Debug|Any CPU
		{6DEB88A2-8B8A-467F-9209-62E69E545D2D}.Debug|iPhone.Deploy.0 = Debug|Any CPU
		{6DEB88A2-8B8A-467F-9209-62E69E545D2D}.Debug|iPhoneSimulator.ActiveCfg = Debug|Any CPU
		{6DEB88A2-8B8A-467F-9209-62E69E545D2D}.Debug|iPhoneSimulator.Build.0 = Debug|Any CPU
		{6DEB88A2-8B8A-467F-9209-62E69E545D2D}.Debug|iPhoneSimulator.Deploy.0 = Debug|Any CPU
		{6DEB88A2-8B8A-467F-9209-62E69E545D2D}.Release|Any CPU.ActiveCfg = Release|Any CPU
		{6DEB88A2-8B8A-467F-9209-62E69E545D2D}.Release|Any CPU.Build.0 = Release|Any CPU
		{6DEB88A2-8B8A-467F-9209-62E69E545D2D}.Release|Any CPU.Deploy.0 = Release|Any CPU
		{6DEB88A2-8B8A-467F-9209-62E69E545D2D}.Release|iPhone.ActiveCfg = Release|Any CPU
		{6DEB88A2-8B8A-467F-9209-62E69E545D2D}.Release|iPhone.Build.0 = Release|Any CPU
		{6DEB88A2-8B8A-467F-9209-62E69E545D2D}.Release|iPhone.Deploy.0 = Release|Any CPU
		{6DEB88A2-8B8A-467F-9209-62E69E545D2D}.Release|iPhoneSimulator.ActiveCfg = Release|Any CPU
		{6DEB88A2-8B8A-467F-9209-62E69E545D2D}.Release|iPhoneSimulator.Build.0 = Release|Any CPU
		{6DEB88A2-8B8A-467F-9209-62E69E545D2D}.Release|iPhoneSimulator.Deploy.0 = Release|Any CPU
		{0713CDE7-85F0-4C39-A596-6F32601BDD19}.Debug|Any CPU.ActiveCfg = Debug|iPhone
		{0713CDE7-85F0-4C39-A596-6F32601BDD19}.Debug|Any CPU.Build.0 = Debug|iPhone
		{0713CDE7-85F0-4C39-A596-6F32601BDD19}.Debug|Any CPU.Deploy.0 = Debug|iPhone
		{0713CDE7-85F0-4C39-A596-6F32601BDD19}.Debug|iPhone.ActiveCfg = Debug|iPhone
		{0713CDE7-85F0-4C39-A596-6F32601BDD19}.Debug|iPhone.Build.0 = Debug|iPhone
		{0713CDE7-85F0-4C39-A596-6F32601BDD19}.Debug|iPhone.Deploy.0 = Debug|iPhone
		{0713CDE7-85F0-4C39-A596-6F32601BDD19}.Debug|iPhoneSimulator.ActiveCfg = Debug|iPhoneSimulator
		{0713CDE7-85F0-4C39-A596-6F32601BDD19}.Debug|iPhoneSimulator.Build.0 = Debug|iPhoneSimulator
		{0713CDE7-85F0-4C39-A596-6F32601BDD19}.Debug|iPhoneSimulator.Deploy.0 = Debug|iPhoneSimulator
		{0713CDE7-85F0-4C39-A596-6F32601BDD19}.Release|Any CPU.ActiveCfg = Release|iPhoneSimulator
		{0713CDE7-85F0-4C39-A596-6F32601BDD19}.Release|Any CPU.Build.0 = Release|iPhoneSimulator
		{0713CDE7-85F0-4C39-A596-6F32601BDD19}.Release|Any CPU.Deploy.0 = Release|iPhoneSimulator
		{0713CDE7-85F0-4C39-A596-6F32601BDD19}.Release|iPhone.ActiveCfg = Release|iPhone
		{0713CDE7-85F0-4C39-A596-6F32601BDD19}.Release|iPhone.Build.0 = Release|iPhone
		{0713CDE7-85F0-4C39-A596-6F32601BDD19}.Release|iPhone.Deploy.0 = Release|iPhone
		{0713CDE7-85F0-4C39-A596-6F32601BDD19}.Release|iPhoneSimulator.ActiveCfg = Release|iPhoneSimulator
		{0713CDE7-85F0-4C39-A596-6F32601BDD19}.Release|iPhoneSimulator.Build.0 = Release|iPhoneSimulator
		{0713CDE7-85F0-4C39-A596-6F32601BDD19}.Release|iPhoneSimulator.Deploy.0 = Release|iPhoneSimulator
		{450CDE66-134F-4F4C-860D-4E6F029115FE}.Debug|Any CPU.ActiveCfg = Debug|Any CPU
		{450CDE66-134F-4F4C-860D-4E6F029115FE}.Debug|Any CPU.Build.0 = Debug|Any CPU
		{450CDE66-134F-4F4C-860D-4E6F029115FE}.Debug|Any CPU.Deploy.0 = Debug|Any CPU
		{450CDE66-134F-4F4C-860D-4E6F029115FE}.Debug|iPhone.ActiveCfg = Debug|Any CPU
		{450CDE66-134F-4F4C-860D-4E6F029115FE}.Debug|iPhone.Build.0 = Debug|Any CPU
		{450CDE66-134F-4F4C-860D-4E6F029115FE}.Debug|iPhone.Deploy.0 = Debug|Any CPU
		{450CDE66-134F-4F4C-860D-4E6F029115FE}.Debug|iPhoneSimulator.ActiveCfg = Debug|Any CPU
		{450CDE66-134F-4F4C-860D-4E6F029115FE}.Debug|iPhoneSimulator.Build.0 = Debug|Any CPU
		{450CDE66-134F-4F4C-860D-4E6F029115FE}.Debug|iPhoneSimulator.Deploy.0 = Debug|Any CPU
		{450CDE66-134F-4F4C-860D-4E6F029115FE}.Release|Any CPU.ActiveCfg = Release|Any CPU
		{450CDE66-134F-4F4C-860D-4E6F029115FE}.Release|Any CPU.Build.0 = Release|Any CPU
		{450CDE66-134F-4F4C-860D-4E6F029115FE}.Release|Any CPU.Deploy.0 = Release|Any CPU
		{450CDE66-134F-4F4C-860D-4E6F029115FE}.Release|iPhone.ActiveCfg = Release|Any CPU
		{450CDE66-134F-4F4C-860D-4E6F029115FE}.Release|iPhone.Build.0 = Release|Any CPU
		{450CDE66-134F-4F4C-860D-4E6F029115FE}.Release|iPhone.Deploy.0 = Release|Any CPU
		{450CDE66-134F-4F4C-860D-4E6F029115FE}.Release|iPhoneSimulator.ActiveCfg = Release|Any CPU
		{450CDE66-134F-4F4C-860D-4E6F029115FE}.Release|iPhoneSimulator.Build.0 = Release|Any CPU
		{450CDE66-134F-4F4C-860D-4E6F029115FE}.Release|iPhoneSimulator.Deploy.0 = Release|Any CPU
	EndGlobalSection
	GlobalSection(SolutionProperties) = preSolution
		HideSolutionNode = FALSE
	EndGlobalSection
	GlobalSection(ExtensibilityGlobals) = postSolution
		SolutionGuid = {95FF118A-8584-46EA-8B4E-DD54E1B295FB}
	EndGlobalSection
EndGlobal
